
Microsoft Visual Studio Solution File, Format Version 12.00
# Visual Studio 15
Project("{FAE04EC0-301F-11D3-BF4B-00C04F79EFBC}") = "Challenges", "Challenges.csproj", "{CEDBED92-D8BB-42BD-B295-8B6D0823A6DD}"
EndProject
Project("{FAE04EC0-301F-11D3-BF4B-00C04F79EFBC}") = "Challenges.tests", "..\Challenges.tests\Challenges.tests.csproj", "{4E964D7E-F9B7-4B3E-85DA-8F2E251FADA1}"
EndProject
Global
	GlobalSection(SolutionConfigurationPlatforms) = preSolution
		Debug|Any CPU = Debug|Any CPU
		Release|Any CPU = Release|Any CPU
	EndGlobalSection
	GlobalSection(ProjectConfigurationPlatforms) = postSolution
		{CEDBED92-D8BB-42BD-B295-8B6D0823A6DD}.Debug|Any CPU.ActiveCfg = Debug|Any CPU
		{CEDBED92-D8BB-42BD-B295-8B6D0823A6DD}.Debug|Any CPU.Build.0 = Debug|Any CPU
		{CEDBED92-D8BB-42BD-B295-8B6D0823A6DD}.Release|Any CPU.ActiveCfg = Release|Any CPU
		{CEDBED92-D8BB-42BD-B295-8B6D0823A6DD}.Release|Any CPU.Build.0 = Release|Any CPU
		{4E964D7E-F9B7-4B3E-85DA-8F2E251FADA1}.Debug|Any CPU.ActiveCfg = Debug|Any CPU
		{4E964D7E-F9B7-4B3E-85DA-8F2E251FADA1}.Debug|Any CPU.Build.0 = Debug|Any CPU
		{4E964D7E-F9B7-4B3E-85DA-8F2E251FADA1}.Release|Any CPU.ActiveCfg = Release|Any CPU
		{4E964D7E-F9B7-4B3E-85DA-8F2E251FADA1}.Release|Any CPU.Build.0 = Release|Any CPU
	EndGlobalSection
EndGlobal
